
Microsoft Visual Studio Solution File, Format Version 12.00
# Visual Studio Version 17
VisualStudioVersion = 17.14.36121.58
MinimumVisualStudioVersion = 10.0.40219.1
Project("{FAE04EC0-301F-11D3-BF4B-00C04F79EFBC}") = "ManwhaWebsite", "ManwhaWebsite\ManwhaWebsite.csproj", "{88A71034-49AC-46EC-834C-8ACA71E1DFD8}"
EndProject
Project("{FAE04EC0-301F-11D3-BF4B-00C04F79EFBC}") = "ManwhaWebsite.Tests", "ManwhaWebsite.Tests\ManwhaWebsite.Tests.csproj", "{BBCB1772-ED17-4E48-B87A-CCF7B0BA33B1}"
EndProject
Global
	GlobalSection(SolutionConfigurationPlatforms) = preSolution
		Debug|Any CPU = Debug|Any CPU
		Debug|x64 = Debug|x64
		Debug|x86 = Debug|x86
		Release|Any CPU = Release|Any CPU
		Release|x64 = Release|x64
		Release|x86 = Release|x86
	EndGlobalSection
	GlobalSection(ProjectConfigurationPlatforms) = postSolution
		{88A71034-49AC-46EC-834C-8ACA71E1DFD8}.Debug|Any CPU.ActiveCfg = Debug|Any CPU
		{88A71034-49AC-46EC-834C-8ACA71E1DFD8}.Debug|Any CPU.Build.0 = Debug|Any CPU
		{88A71034-49AC-46EC-834C-8ACA71E1DFD8}.Debug|x64.ActiveCfg = Debug|Any CPU
		{88A71034-49AC-46EC-834C-8ACA71E1DFD8}.Debug|x64.Build.0 = Debug|Any CPU
		{88A71034-49AC-46EC-834C-8ACA71E1DFD8}.Debug|x86.ActiveCfg = Debug|Any CPU
		{88A71034-49AC-46EC-834C-8ACA71E1DFD8}.Debug|x86.Build.0 = Debug|Any CPU
		{88A71034-49AC-46EC-834C-8ACA71E1DFD8}.Release|Any CPU.ActiveCfg = Release|Any CPU
		{88A71034-49AC-46EC-834C-8ACA71E1DFD8}.Release|Any CPU.Build.0 = Release|Any CPU
		{88A71034-49AC-46EC-834C-8ACA71E1DFD8}.Release|x64.ActiveCfg = Release|Any CPU
		{88A71034-49AC-46EC-834C-8ACA71E1DFD8}.Release|x64.Build.0 = Release|Any CPU
		{88A71034-49AC-46EC-834C-8ACA71E1DFD8}.Release|x86.ActiveCfg = Release|Any CPU
		{88A71034-49AC-46EC-834C-8ACA71E1DFD8}.Release|x86.Build.0 = Release|Any CPU
		{BBCB1772-ED17-4E48-B87A-CCF7B0BA33B1}.Debug|Any CPU.ActiveCfg = Debug|Any CPU
		{BBCB1772-ED17-4E48-B87A-CCF7B0BA33B1}.Debug|Any CPU.Build.0 = Debug|Any CPU
		{BBCB1772-ED17-4E48-B87A-CCF7B0BA33B1}.Debug|x64.ActiveCfg = Debug|Any CPU
		{BBCB1772-ED17-4E48-B87A-CCF7B0BA33B1}.Debug|x64.Build.0 = Debug|Any CPU
		{BBCB1772-ED17-4E48-B87A-CCF7B0BA33B1}.Debug|x86.ActiveCfg = Debug|Any CPU
		{BBCB1772-ED17-4E48-B87A-CCF7B0BA33B1}.Debug|x86.Build.0 = Debug|Any CPU
		{BBCB1772-ED17-4E48-B87A-CCF7B0BA33B1}.Release|Any CPU.ActiveCfg = Release|Any CPU
		{BBCB1772-ED17-4E48-B87A-CCF7B0BA33B1}.Release|Any CPU.Build.0 = Release|Any CPU
		{BBCB1772-ED17-4E48-B87A-CCF7B0BA33B1}.Release|x64.ActiveCfg = Release|Any CPU
		{BBCB1772-ED17-4E48-B87A-CCF7B0BA33B1}.Release|x64.Build.0 = Release|Any CPU
		{BBCB1772-ED17-4E48-B87A-CCF7B0BA33B1}.Release|x86.ActiveCfg = Release|Any CPU
		{BBCB1772-ED17-4E48-B87A-CCF7B0BA33B1}.Release|x86.Build.0 = Release|Any CPU
	EndGlobalSection
	GlobalSection(SolutionProperties) = preSolution
		HideSolutionNode = FALSE
	EndGlobalSection
	GlobalSection(ExtensibilityGlobals) = postSolution
		SolutionGuid = {D70686D0-44C0-4685-93B3-8F4FB96ED2A4}
	EndGlobalSection
EndGlobal
